{
  "nodes": {
    "flakeNimbleLib": {
      "inputs": {
        "nixpkgs": [
          "nixpkgs"
        ]
      },
      "locked": {
        "lastModified": 1662018438,
        "narHash": "sha256-QtNtU6+LX3Wokxf0zlFwKTFOcn6TeDjKQZ+DA9OYtvM=",
        "owner": "riinr",
        "repo": "nim-flakes-lib",
        "rev": "b1fe8340736e3a85d25c709ac3dfd82a55c03cbf",
        "type": "github"
      },
      "original": {
        "owner": "riinr",
        "ref": "master",
        "repo": "nim-flakes-lib",
        "type": "github"
      }
    },
    "html5_canvas-master": {
      "inputs": {
        "flakeNimbleLib": [
          "flakeNimbleLib"
        ],
        "nixpkgs": [
          "nixpkgs"
        ],
        "src-html5_canvas-master": "src-html5_canvas-master"
      },
      "locked": {
        "dir": "master",
        "lastModified": 1662254528,
        "narHash": "sha256-inGdobfqpxNHRyvrdR3RP4tzxKNDiRN00vlZ7zpzjo0=",
        "owner": "nim-nix-pkgs",
        "repo": "html5_canvas",
        "rev": "ef64b6ae67d9f195fce2e9119cf85075ea0fb05a",
        "type": "github"
      },
      "original": {
        "dir": "master",
        "owner": "nim-nix-pkgs",
        "ref": "master",
        "repo": "html5_canvas",
        "type": "github"
      }
    },
    "nixpkgs": {
      "locked": {
        "lastModified": 1667110639,
        "narHash": "sha256-4FbPESZ5LbqQxkJJJBAfk/zKgF9h/4kyUwjjpJwYlbc=",
        "owner": "NixOS",
        "repo": "nixpkgs",
        "rev": "f38a1f04d1bec1feb61fd101a0539ae2002a7087",
        "type": "github"
      },
      "original": {
        "id": "nixpkgs",
        "type": "indirect"
      }
    },
    "root": {
      "inputs": {
        "flakeNimbleLib": "flakeNimbleLib",
        "html5_canvas-master": "html5_canvas-master",
        "nixpkgs": "nixpkgs"
      }
    },
    "src-html5_canvas-master": {
      "flake": false,
      "locked": {
        "lastModified": 1488943387,
        "narHash": "sha256-F+759iuqWNVjXoreeDeDJJwXaA7wbJUa61r0HLrNyEo=",
        "owner": "define-private-public",
        "repo": "HTML5-Canvas-Nim",
        "rev": "9302d96efb5b4d0fc406e9eb20deca9c5465cef8",
        "type": "gitlab"
      },
      "original": {
        "owner": "define-private-public",
        "ref": "refs/heads/master",
        "repo": "HTML5-Canvas-Nim",
        "type": "gitlab"
      }
    }
  },
  "root": "root",
  "version": 7
}
